
Microsoft Visual Studio Solution File, Format Version 12.00
# Visual Studio 15
VisualStudioVersion = 15.0.28307.271
MinimumVisualStudioVersion = 10.0.40219.1
Project("{9A19103F-16F7-4668-BE54-9A1E7A4F7556}") = "BilgeAdam.GreatestChild", "BilgeAdam.GreatestChild\BilgeAdam.GreatestChild.csproj", "{85682C2B-4D65-42DD-90AB-096E3833A0DA}"
EndProject
Project("{9A19103F-16F7-4668-BE54-9A1E7A4F7556}") = "BilgeAdam.Fibonacci", "BilgeAdam.Fibonacci\BilgeAdam.Fibonacci.csproj", "{DAEA23B5-513D-4D5D-BEE6-C6A724EDAFC6}"
EndProject
Project("{9A19103F-16F7-4668-BE54-9A1E7A4F7556}") = "BilgeAdam.ConditionalSummary", "BilgeAdam.ConditionalSummary\BilgeAdam.ConditionalSummary.csproj", "{F4A04479-76E4-4B33-969B-AC6DEDA09D33}"
EndProject
Project("{FAE04EC0-301F-11D3-BF4B-00C04F79EFBC}") = "BilgeAdam.PrimeNumbers", "BilgeAdam.PrimeNumbers\BilgeAdam.PrimeNumbers.csproj", "{A9BD3C9B-1A61-4FDB-8A07-AA7E5D221283}"
EndProject
Project("{FAE04EC0-301F-11D3-BF4B-00C04F79EFBC}") = "BilgeAdam.LeapYear", "BilgeAdam.LeapYear\BilgeAdam.LeapYear.csproj", "{50920EF1-E6EE-4A29-AEE0-6F9BE24DBDB5}"
EndProject
Global
	GlobalSection(SolutionConfigurationPlatforms) = preSolution
		Debug|Any CPU = Debug|Any CPU
		Release|Any CPU = Release|Any CPU
	EndGlobalSection
	GlobalSection(ProjectConfigurationPlatforms) = postSolution
		{85682C2B-4D65-42DD-90AB-096E3833A0DA}.Debug|Any CPU.ActiveCfg = Debug|Any CPU
		{85682C2B-4D65-42DD-90AB-096E3833A0DA}.Debug|Any CPU.Build.0 = Debug|Any CPU
		{85682C2B-4D65-42DD-90AB-096E3833A0DA}.Release|Any CPU.ActiveCfg = Release|Any CPU
		{85682C2B-4D65-42DD-90AB-096E3833A0DA}.Release|Any CPU.Build.0 = Release|Any CPU
		{DAEA23B5-513D-4D5D-BEE6-C6A724EDAFC6}.Debug|Any CPU.ActiveCfg = Debug|Any CPU
		{DAEA23B5-513D-4D5D-BEE6-C6A724EDAFC6}.Debug|Any CPU.Build.0 = Debug|Any CPU
		{DAEA23B5-513D-4D5D-BEE6-C6A724EDAFC6}.Release|Any CPU.ActiveCfg = Release|Any CPU
		{DAEA23B5-513D-4D5D-BEE6-C6A724EDAFC6}.Release|Any CPU.Build.0 = Release|Any CPU
		{F4A04479-76E4-4B33-969B-AC6DEDA09D33}.Debug|Any CPU.ActiveCfg = Debug|Any CPU
		{F4A04479-76E4-4B33-969B-AC6DEDA09D33}.Debug|Any CPU.Build.0 = Debug|Any CPU
		{F4A04479-76E4-4B33-969B-AC6DEDA09D33}.Release|Any CPU.ActiveCfg = Release|Any CPU
		{F4A04479-76E4-4B33-969B-AC6DEDA09D33}.Release|Any CPU.Build.0 = Release|Any CPU
		{A9BD3C9B-1A61-4FDB-8A07-AA7E5D221283}.Debug|Any CPU.ActiveCfg = Debug|Any CPU
		{A9BD3C9B-1A61-4FDB-8A07-AA7E5D221283}.Debug|Any CPU.Build.0 = Debug|Any CPU
		{A9BD3C9B-1A61-4FDB-8A07-AA7E5D221283}.Release|Any CPU.ActiveCfg = Release|Any CPU
		{A9BD3C9B-1A61-4FDB-8A07-AA7E5D221283}.Release|Any CPU.Build.0 = Release|Any CPU
		{50920EF1-E6EE-4A29-AEE0-6F9BE24DBDB5}.Debug|Any CPU.ActiveCfg = Debug|Any CPU
		{50920EF1-E6EE-4A29-AEE0-6F9BE24DBDB5}.Debug|Any CPU.Build.0 = Debug|Any CPU
		{50920EF1-E6EE-4A29-AEE0-6F9BE24DBDB5}.Release|Any CPU.ActiveCfg = Release|Any CPU
		{50920EF1-E6EE-4A29-AEE0-6F9BE24DBDB5}.Release|Any CPU.Build.0 = Release|Any CPU
	EndGlobalSection
	GlobalSection(SolutionProperties) = preSolution
		HideSolutionNode = FALSE
	EndGlobalSection
	GlobalSection(ExtensibilityGlobals) = postSolution
		SolutionGuid = {7582FA72-C633-474D-9CE1-E56A819DD843}
	EndGlobalSection
EndGlobal
